
Microsoft Visual Studio Solution File, Format Version 12.00
# Visual Studio 15
VisualStudioVersion = 15.0.27130.0
MinimumVisualStudioVersion = 10.0.40219.1
Project("{888888A0-9F3D-457C-B088-3A5042F75D52}") = "batch_python_quickstart", "batch_python_quickstart.pyproj", "{BD532C44-8F69-488C-B199-8623D7110F9C}"
EndProject
Global
	GlobalSection(SolutionConfigurationPlatforms) = preSolution
		Debug|Any CPU = Debug|Any CPU
		Release|Any CPU = Release|Any CPU
	EndGlobalSection
	GlobalSection(ProjectConfigurationPlatforms) = postSolution
		{BD532C44-8F69-488C-B199-8623D7110F9C}.Debug|Any CPU.ActiveCfg = Debug|Any CPU
		{BD532C44-8F69-488C-B199-8623D7110F9C}.Release|Any CPU.ActiveCfg = Release|Any CPU
	EndGlobalSection
	GlobalSection(SolutionProperties) = preSolution
		HideSolutionNode = FALSE
	EndGlobalSection
	GlobalSection(ExtensibilityGlobals) = postSolution
		SolutionGuid = {89B9A45E-7A5E-477A-8911-2525605A2649}
	EndGlobalSection
EndGlobal
